
Microsoft Visual Studio Solution File, Format Version 12.00
# Visual Studio Version 17
VisualStudioVersion = 17.2.32630.192
MinimumVisualStudioVersion = 10.0.40219.1
Project("{9A19103F-16F7-4668-BE54-9A1E7A4F7556}") = "simpleCRUD", "simpleCRUD\simpleCRUD.csproj", "{3242DE13-4C60-4838-B5B1-02BE935F1B4A}"
EndProject
Global
	GlobalSection(SolutionConfigurationPlatforms) = preSolution
		Debug|Any CPU = Debug|Any CPU
		Release|Any CPU = Release|Any CPU
	EndGlobalSection
	GlobalSection(ProjectConfigurationPlatforms) = postSolution
		{3242DE13-4C60-4838-B5B1-02BE935F1B4A}.Debug|Any CPU.ActiveCfg = Debug|Any CPU
		{3242DE13-4C60-4838-B5B1-02BE935F1B4A}.Debug|Any CPU.Build.0 = Debug|Any CPU
		{3242DE13-4C60-4838-B5B1-02BE935F1B4A}.Release|Any CPU.ActiveCfg = Release|Any CPU
		{3242DE13-4C60-4838-B5B1-02BE935F1B4A}.Release|Any CPU.Build.0 = Release|Any CPU
	EndGlobalSection
	GlobalSection(SolutionProperties) = preSolution
		HideSolutionNode = FALSE
	EndGlobalSection
	GlobalSection(ExtensibilityGlobals) = postSolution
		SolutionGuid = {180F5984-1136-445E-9FF8-CA9EAA6910B2}
	EndGlobalSection
EndGlobal
